
Microsoft Visual Studio Solution File, Format Version 12.00
# Visual Studio Version 17
VisualStudioVersion = 17.1.32210.238
MinimumVisualStudioVersion = 10.0.40219.1
Project("{9A19103F-16F7-4668-BE54-9A1E7A4F7556}") = "Everwatchers", "Everwatchers\Everwatchers.csproj", "{FC8E70D9-46E8-4A34-A277-2A357D372D4E}"
EndProject
Global
	GlobalSection(SolutionConfigurationPlatforms) = preSolution
		Debug|Any CPU = Debug|Any CPU
		Release|Any CPU = Release|Any CPU
	EndGlobalSection
	GlobalSection(ProjectConfigurationPlatforms) = postSolution
		{FC8E70D9-46E8-4A34-A277-2A357D372D4E}.Debug|Any CPU.ActiveCfg = Debug|Any CPU
		{FC8E70D9-46E8-4A34-A277-2A357D372D4E}.Debug|Any CPU.Build.0 = Debug|Any CPU
		{FC8E70D9-46E8-4A34-A277-2A357D372D4E}.Release|Any CPU.ActiveCfg = Release|Any CPU
		{FC8E70D9-46E8-4A34-A277-2A357D372D4E}.Release|Any CPU.Build.0 = Release|Any CPU
	EndGlobalSection
	GlobalSection(SolutionProperties) = preSolution
		HideSolutionNode = FALSE
	EndGlobalSection
	GlobalSection(ExtensibilityGlobals) = postSolution
		SolutionGuid = {956EF7D6-09D0-4D7D-8866-22FCEC1FCA19}
	EndGlobalSection
EndGlobal
